// !$*UTF8*$!
{
	archiveVersion = 1;
	classes = {
	};
	objectVersion = 50;
	objects = {

/* Begin PBXBuildFile section */
		51EEA65D2461F3FB00A16D8A /* AppDelegate.swift in Sources */ = {isa = PBXBuildFile; fileRef = 51EEA65C2461F3FB00A16D8A /* AppDelegate.swift */; };
		51EEA65F2461F3FB00A16D8A /* SceneDelegate.swift in Sources */ = {isa = PBXBuildFile; fileRef = 51EEA65E2461F3FB00A16D8A /* SceneDelegate.swift */; };
		51EEA6612461F3FB00A16D8A /* ViewController.swift in Sources */ = {isa = PBXBuildFile; fileRef = 51EEA6602461F3FB00A16D8A /* ViewController.swift */; };
		51EEA6642461F3FB00A16D8A /* Main.storyboard in Resources */ = {isa = PBXBuildFile; fileRef = 51EEA6622461F3FB00A16D8A /* Main.storyboard */; };
		51EEA6662461F3FC00A16D8A /* Assets.xcassets in Resources */ = {isa = PBXBuildFile; fileRef = 51EEA6652461F3FC00A16D8A /* Assets.xcassets */; };
		51EEA6692461F3FC00A16D8A /* LaunchScreen.storyboard in Resources */ = {isa = PBXBuildFile; fileRef = 51EEA6672461F3FC00A16D8A /* LaunchScreen.storyboard */; };
/* End PBXBuildFile section */

/* Begin PBXFileReference section */
		51EEA6592461F3FB00A16D8A /* uddur.app */ = {isa = PBXFileReference; explicitFileType = wrapper.application; includeInIndex = 0; path = uddur.app; sourceTree = BUILT_PRODUCTS_DIR; };
		51EEA65C2461F3FB00A16D8A /* AppDelegate.swift */ = {isa = PBXFileReference; lastKnownFileType = sourcecode.swift; path = AppDelegate.swift; sourceTree = "<group>"; };
		51EEA65E2461F3FB00A16D8A /* SceneDelegate.swift */ = {isa = PBXFileReference; lastKnownFileType = sourcecode.swift; path = SceneDelegate.swift; sourceTree = "<group>"; };
		51EEA6602461F3FB00A16D8A /* ViewController.swift */ = {isa = PBXFileReference; lastKnownFileType = sourcecode.swift; path = ViewController.swift; sourceTree = "<group>"; };
		51EEA6632461F3FB00A16D8A /* Base */ = {isa = PBXFileReference; lastKnownFileType = file.storyboard; name = Base; path = Base.lproj/Main.storyboard; sourceTree = "<group>"; };
		51EEA6652461F3FC00A16D8A /* Assets.xcassets */ = {isa = PBXFileReference; lastKnownFileType = folder.assetcatalog; path = Assets.xcassets; sourceTree = "<group>"; };
		51EEA6682461F3FC00A16D8A /* Base */ = {isa = PBXFileReference; lastKnownFileType = file.storyboard; name = Base; path = Base.lproj/LaunchScreen.storyboard; sourceTree = "<group>"; };
		51EEA66A2461F3FC00A16D8A /* Info.plist */ = {isa = PBXFileReference; lastKnownFileType = text.plist.xml; path = Info.plist; sourceTree = "<group>"; };
/* End PBXFileReference section */

/* Begin PBXFrameworksBuildPhase section */
		51EEA6562461F3FB00A16D8A /* Frameworks */ = {
			isa = PBXFrameworksBuildPhase;
			buildActionMask = 2147483647;
			files = (
			);
			runOnlyForDeploymentPostprocessing = 0;
		};
/* End PBXFrameworksBuildPhase section */

/* Begin PBXGroup section */
		51EEA6502461F3FB00A16D8A = {
			isa = PBXGroup;
			children = (
				51EEA65B2461F3FB00A16D8A /* uddur */,
				51EEA65A2461F3FB00A16D8A /* Products */,
			);
			sourceTree = "<group>";
		};
		51EEA65A2461F3FB00A16D8A /* Products */ = {
			isa = PBXGroup;
			children = (
				51EEA6592461F3FB00A16D8A /* uddur.app */,
			);
			name = Products;
			sourceTree = "<group>";
		};
		51EEA65B2461F3FB00A16D8A /* uddur */ = {
			isa = PBXGroup;
			children = (
				51EEA65C2461F3FB00A16D8A /* AppDelegate.swift */,
				51EEA65E2461F3FB00A16D8A /* SceneDelegate.swift */,
				51EEA6602461F3FB00A16D8A /* ViewController.swift */,
				51EEA6622461F3FB00A16D8A /* Main.storyboard */,
				51EEA6652461F3FC00A16D8A /* Assets.xcassets */,
				51EEA6672461F3FC00A16D8A /* LaunchScreen.storyboard */,
				51EEA66A2461F3FC00A16D8A /* Info.plist */,
			);
			path = uddur;
			sourceTree = "<group>";
		};
/* End PBXGroup section */

/* Begin PBXNativeTarget section */
		51EEA6582461F3FB00A16D8A /* uddur */ = {
			isa = PBXNativeTarget;
			buildConfigurationList = 51EEA66D2461F3FC00A16D8A /* Build configuration list for PBXNativeTarget "uddur" */;
			buildPhases = (
				51EEA6552461F3FB00A16D8A /* Sources */,
				51EEA6562461F3FB00A16D8A /* Frameworks */,
				51EEA6572461F3FB00A16D8A /* Resources */,
			);
			buildRules = (
			);
			dependencies = (
			);
			name = uddur;
			productName = uddur;
			productReference = 51EEA6592461F3FB00A16D8A /* uddur.app */;
			productType = "com.apple.product-type.application";
		};
/* End PBXNativeTarget section */

/* Begin PBXProject section */
		51EEA6512461F3FB00A16D8A /* Project object */ = {
			isa = PBXProject;
			attributes = {
				LastSwiftUpdateCheck = 1120;
				LastUpgradeCheck = 1120;
				ORGANIZATIONNAME = "Shubham Deshmukh";
				TargetAttributes = {
					51EEA6582461F3FB00A16D8A = {
						CreatedOnToolsVersion = 11.2.1;
					};
				};
			};
			buildConfigurationList = 51EEA6542461F3FB00A16D8A /* Build configuration list for PBXProject "uddur" */;
			compatibilityVersion = "Xcode 9.3";
			developmentRegion = en;
			hasScannedForEncodings = 0;
			knownRegions = (
				en,
				Base,
			);
			mainGroup = 51EEA6502461F3FB00A16D8A;
			productRefGroup = 51EEA65A2461F3FB00A16D8A /* Products */;
			projectDirPath = "";
			projectRoot = "";
			targets = (
				51EEA6582461F3FB00A16D8A /* uddur */,
			);
		};
/* End PBXProject section */

/* Begin PBXResourcesBuildPhase section */
		51EEA6572461F3FB00A16D8A /* Resources */ = {
			isa = PBXResourcesBuildPhase;
			buildActionMask = 2147483647;
			files = (
				51EEA6692461F3FC00A16D8A /* LaunchScreen.storyboard in Resources */,
				51EEA6662461F3FC00A16D8A /* Assets.xcassets in Resources */,
				51EEA6642461F3FB00A16D8A /* Main.storyboard in Resources */,
			);
			runOnlyForDeploymentPostprocessing = 0;
		};
/* End PBXResourcesBuildPhase section */

/* Begin PBXSourcesBuildPhase section */
		51EEA6552461F3FB00A16D8A /* Sources */ = {
			isa = PBXSourcesBuildPhase;
			buildActionMask = 2147483647;
			files = (
				51EEA6612461F3FB00A16D8A /* ViewController.swift in Sources */,
				51EEA65D2461F3FB00A16D8A /* AppDelegate.swift in Sources */,
				51EEA65F2461F3FB00A16D8A /* SceneDelegate.swift in Sources */,
			);
			runOnlyForDeploymentPostprocessing = 0;
		};
/* End PBXSourcesBuildPhase section */

/* Begin PBXVariantGroup section */
		51EEA6622461F3FB00A16D8A /* Main.storyboard */ = {
			isa = PBXVariantGroup;
			children = (
				51EEA6632461F3FB00A16D8A /* Base */,
			);
			name = Main.storyboard;
			sourceTree = "<group>";
		};
		51EEA6672461F3FC00A16D8A /* LaunchScreen.storyboard */ = {
			isa = PBXVariantGroup;
			children = (
				51EEA6682461F3FC00A16D8A /* Base */,
			);
			name = LaunchScreen.storyboard;
			sourceTree = "<group>";
		};
/* End PBXVariantGroup section */

/* Begin XCBuildConfiguration section */
		51EEA66B2461F3FC00A16D8A /* Debug */ = {
			isa = XCBuildConfiguration;
			buildSettings = {
				ALWAYS_SEARCH_USER_PATHS = NO;
				CLANG_ANALYZER_NONNULL = YES;
				CLANG_ANALYZER_NUMBER_OBJECT_CONVERSION = YES_AGGRESSIVE;
				CLANG_CXX_LANGUAGE_STANDARD = "gnu++14";
				CLANG_CXX_LIBRARY = "libc++";
				CLANG_ENABLE_MODULES = YES;
				CLANG_ENABLE_OBJC_ARC = YES;
				CLANG_ENABLE_OBJC_WEAK = YES;
				CLANG_WARN_BLOCK_CAPTURE_AUTORELEASING = YES;
				CLANG_WARN_BOOL_CONVERSION = YES;
				CLANG_WARN_COMMA = YES;
				CLANG_WARN_CONSTANT_CONVERSION = YES;
				CLANG_WARN_DEPRECATED_OBJC_IMPLEMENTATIONS = YES;
				CLANG_WARN_DIRECT_OBJC_ISA_USAGE = YES_ERROR;
				CLANG_WARN_DOCUMENTATION_COMMENTS = YES;
				CLANG_WARN_EMPTY_BODY = YES;
				CLANG_WARN_ENUM_CONVERSION = YES;
				CLANG_WARN_INFINITE_RECURSION = YES;
				CLANG_WARN_INT_CONVERSION = YES;
				CLANG_WARN_NON_LITERAL_NULL_CONVERSION = YES;
				CLANG_WARN_OBJC_IMPLICIT_RETAIN_SELF = YES;
				CLANG_WARN_OBJC_LITERAL_CONVERSION = YES;
				CLANG_WARN_OBJC_ROOT_CLASS = YES_ERROR;
				CLANG_WARN_RANGE_LOOP_ANALYSIS = YES;
				CLANG_WARN_STRICT_PROTOTYPES = YES;
				CLANG_WARN_SUSPICIOUS_MOVE = YES;
				CLANG_WARN_UNGUARDED_AVAILABILITY = YES_AGGRESSIVE;
				CLANG_WARN_UNREACHABLE_CODE = YES;
				CLANG_WARN__DUPLICATE_METHOD_MATCH = YES;
				COPY_PHASE_STRIP = NO;
				DEBUG_INFORMATION_FORMAT = dwarf;
				ENABLE_STRICT_OBJC_MSGSEND = YES;
				ENABLE_TESTABILITY = YES;
				GCC_C_LANGUAGE_STANDARD = gnu11;
				GCC_DYNAMIC_NO_PIC = NO;
				GCC_NO_COMMON_BLOCKS = YES;
				GCC_OPTIMIZATION_LEVEL = 0;
				GCC_PREPROCESSOR_DEFINITIONS = (
					"DEBUG=1",
					"$(inherited)",
				);
				GCC_WARN_64_TO_32_BIT_CONVERSION = YES;
				GCC_WARN_ABOUT_RETURN_TYPE = YES_ERROR;
				GCC_WARN_UNDECLARED_SELECTOR = YES;
				GCC_WARN_UNINITIALIZED_AUTOS = YES_AGGRESSIVE;
				GCC_WARN_UNUSED_FUNCTION = YES;
				GCC_WARN_UNUSED_VARIABLE = YES;
				IPHONEOS_DEPLOYMENT_TARGET = 13.2;
				MTL_ENABLE_DEBUG_INFO = INCLUDE_SOURCE;
				MTL_FAST_MATH = YES;
				ONLY_ACTIVE_ARCH = YES;
				SDKROOT = iphoneos;
				SWIFT_ACTIVE_COMPILATION_CONDITIONS = DEBUG;
				SWIFT_OPTIMIZATION_LEVEL = "-Onone";
			};
			name = Debug;
		};
		51EEA66C2461F3FC00A16D8A /* Release */ = {
			isa = XCBuildConfiguration;
			buildSettings = {
				ALWAYS_SEARCH_USER_PATHS = NO;
				CLANG_ANALYZER_NONNULL = YES;
				CLANG_ANALYZER_NUMBER_OBJECT_CONVERSION = YES_AGGRESSIVE;
				CLANG_CXX_LANGUAGE_STANDARD = "gnu++14";
				CLANG_CXX_LIBRARY = "libc++";
				CLANG_ENABLE_MODULES = YES;
				CLANG_ENABLE_OBJC_ARC = YES;
				CLANG_ENABLE_OBJC_WEAK = YES;
				CLANG_WARN_BLOCK_CAPTURE_AUTORELEASING = YES;
				CLANG_WARN_BOOL_CONVERSION = YES;
				CLANG_WARN_COMMA = YES;
				CLANG_WARN_CONSTANT_CONVERSION = YES;
				CLANG_WARN_DEPRECATED_OBJC_IMPLEMENTATIONS = YES;
				CLANG_WARN_DIRECT_OBJC_ISA_USAGE = YES_ERROR;
				CLANG_WARN_DOCUMENTATION_COMMENTS = YES;
				CLANG_WARN_EMPTY_BODY = YES;
				CLANG_WARN_ENUM_CONVERSION = YES;
				CLANG_WARN_INFINITE_RECURSION = YES;
				CLANG_WARN_INT_CONVERSION = YES;
				CLANG_WARN_NON_LITERAL_NULL_CONVERSION = YES;
				CLANG_WARN_OBJC_IMPLICIT_RETAIN_SELF = YES;
				CLANG_WARN_OBJC_LITERAL_CONVERSION = YES;
				CLANG_WARN_OBJC_ROOT_CLASS = YES_ERROR;
				CLANG_WARN_RANGE_LOOP_ANALYSIS = YES;
				CLANG_WARN_STRICT_PROTOTYPES = YES;
				CLANG_WARN_SUSPICIOUS_MOVE = YES;
				CLANG_WARN_UNGUARDED_AVAILABILITY = YES_AGGRESSIVE;
				CLANG_WARN_UNREACHABLE_CODE = YES;
				CLANG_WARN__DUPLICATE_METHOD_MATCH = YES;
				COPY_PHASE_STRIP = NO;
				DEBUG_INFORMATION_FORMAT = "dwarf-with-dsym";
				ENABLE_NS_ASSERTIONS = NO;
				ENABLE_STRICT_OBJC_MSGSEND = YES;
				GCC_C_LANGUAGE_STANDARD = gnu11;
				GCC_NO_COMMON_BLOCKS = YES;
				GCC_WARN_64_TO_32_BIT_CONVERSION = YES;
				GCC_WARN_ABOUT_RETURN_TYPE = YES_ERROR;
				GCC_WARN_UNDECLARED_SELECTOR = YES;
				GCC_WARN_UNINITIALIZED_AUTOS = YES_AGGRESSIVE;
				GCC_WARN_UNUSED_FUNCTION = YES;
				GCC_WARN_UNUSED_VARIABLE = YES;
				IPHONEOS_DEPLOYMENT_TARGET = 13.2;
				MTL_ENABLE_DEBUG_INFO = NO;
				MTL_FAST_MATH = YES;
				SDKROOT = iphoneos;
				SWIFT_COMPILATION_MODE = wholemodule;
				SWIFT_OPTIMIZATION_LEVEL = "-O";
				VALIDATE_PRODUCT = YES;
			};
			name = Release;
		};
		51EEA66E2461F3FC00A16D8A /* Debug */ = {
			isa = XCBuildConfiguration;
			buildSettings = {
				ASSETCATALOG_COMPILER_APPICON_NAME = AppIcon;
				CODE_SIGN_STYLE = Automatic;
				DEVELOPMENT_TEAM = GXLABVUK97;
				INFOPLIST_FILE = uddur/Info.plist;
				LD_RUNPATH_SEARCH_PATHS = (
					"$(inherited)",
					"@executable_path/Frameworks",
				);
				PRODUCT_BUNDLE_IDENTIFIER = com.shubhamdeshmukh.uddur;
				PRODUCT_NAME = "$(TARGET_NAME)";
				SWIFT_VERSION = 5.0;
				TARGETED_DEVICE_FAMILY = "1,2";
			};
			name = Debug;
		};
		51EEA66F2461F3FC00A16D8A /* Release */ = {
			isa = XCBuildConfiguration;
			buildSettings = {
				ASSETCATALOG_COMPILER_APPICON_NAME = AppIcon;
				CODE_SIGN_STYLE = Automatic;
				DEVELOPMENT_TEAM = GXLABVUK97;
				INFOPLIST_FILE = uddur/Info.plist;
				LD_RUNPATH_SEARCH_PATHS = (
					"$(inherited)",
					"@executable_path/Frameworks",
				);
				PRODUCT_BUNDLE_IDENTIFIER = com.shubhamdeshmukh.uddur;
				PRODUCT_NAME = "$(TARGET_NAME)";
				SWIFT_VERSION = 5.0;
				TARGETED_DEVICE_FAMILY = "1,2";
			};
			name = Release;
		};
/* End XCBuildConfiguration section */

/* Begin XCConfigurationList section */
		51EEA6542461F3FB00A16D8A /* Build configuration list for PBXProject "uddur" */ = {
			isa = XCConfigurationList;
			buildConfigurations = (
				51EEA66B2461F3FC00A16D8A /* Debug */,
				51EEA66C2461F3FC00A16D8A /* Release */,
			);
			defaultConfigurationIsVisible = 0;
			defaultConfigurationName = Release;
		};
		51EEA66D2461F3FC00A16D8A /* Build configuration list for PBXNativeTarget "uddur" */ = {
			isa = XCConfigurationList;
			buildConfigurations = (
				51EEA66E2461F3FC00A16D8A /* Debug */,
				51EEA66F2461F3FC00A16D8A /* Release */,
			);
			defaultConfigurationIsVisible = 0;
			defaultConfigurationName = Release;
		};
/* End XCConfigurationList section */
	};
	rootObject = 51EEA6512461F3FB00A16D8A /* Project object */;
}
